schema: '2.0'
stages:
  data_ingestion:
    cmd: python src/Kidney_Disease_Classification/pipeline/stage_01_data_ingestion.py
    deps:
    - path: config/config.yaml
      hash: md5
      md5: 5f3de58d65fbf891f3ffa81d765f35b8
      size: 678
    - path: src/Kidney_Disease_Classification/pipeline/stage_01_data_ingestion.py
      hash: md5
      md5: ba5aac7187aa7e3f49d1882568db74a1
      size: 958
    outs:
    - path: artifacts/data_ingestion/CT-KIDNEY-DATASET-Normal-Cyst-Tumor-Stone
      hash: md5
      md5: 480f02db6967e2017d804fca0430c1a4.dir
      size: 1661580918
      nfiles: 12446
  prepare_base_model:
    cmd: python src/Kidney_Disease_Classification/pipeline/stage_02_prepare_base_model.py
    deps:
    - path: config/config.yaml
      hash: md5
      md5: 5f3de58d65fbf891f3ffa81d765f35b8
      size: 678
    - path: src/Kidney_Disease_Classification/pipeline/stage_02_prepare_base_model.py
      hash: md5
      md5: 6aa5f30d33963e733035f9eee2476101
      size: 1043
    params:
      params.yaml:
        CLASSES: 4
        IMAGE_SIZE:
        - 224
        - 224
        - 3
        INCLUDE_TOP: false
        LEARNING_RATE: 0.01
        WEIGHTS: imagenet
    outs:
    - path: artifacts/prepare_base_model
      hash: md5
      md5: 7e1f3c8a5fa0adad47504b8498db2c2b.dir
      size: 118255264
      nfiles: 2
  training:
    cmd: python src/Kidney_Disease_Classification/pipeline/stage_03_model_training.py
    deps:
    - path: artifacts/data_ingestion/CT-KIDNEY-DATASET-Normal-Cyst-Tumor-Stone
      hash: md5
      md5: 480f02db6967e2017d804fca0430c1a4.dir
      size: 1661580918
      nfiles: 12446
    - path: artifacts/prepare_base_model
      hash: md5
      md5: 7e1f3c8a5fa0adad47504b8498db2c2b.dir
      size: 118255264
      nfiles: 2
    - path: config/config.yaml
      hash: md5
      md5: 5f3de58d65fbf891f3ffa81d765f35b8
      size: 678
    - path: src/Kidney_Disease_Classification/pipeline/stage_03_model_training.py
      hash: md5
      md5: e1f7829f58f4b703b46b7088402af2e8
      size: 975
    params:
      params.yaml:
        AUGMENTATION: true
        BATCH_SIZE: 16
        EPOCHS: 20
        IMAGE_SIZE:
        - 224
        - 224
        - 3
    outs:
    - path: artifacts/training/model.h5
      hash: md5
      md5: 77443fe4dc796f34031d6919eddefb90
      size: 59738928
  evaluation:
    cmd: python src/Kidney_Disease_Classification/pipeline/stage_04_model_evaluation.py
    deps:
    - path: artifacts/data_ingestion/CT-KIDNEY-DATASET-Normal-Cyst-Tumor-Stone
      hash: md5
      md5: 480f02db6967e2017d804fca0430c1a4.dir
      size: 1661580918
      nfiles: 12446
    - path: artifacts/training/model.h5
      hash: md5
      md5: 77443fe4dc796f34031d6919eddefb90
      size: 59738928
    - path: config/config.yaml
      hash: md5
      md5: 5f3de58d65fbf891f3ffa81d765f35b8
      size: 678
    - path: src/Kidney_Disease_Classification/pipeline/stage_04_model_evaluation.py
      hash: md5
      md5: 8cce247f7636e2c29b14cf9e7d3dba17
      size: 979
    params:
      params.yaml:
        BATCH_SIZE: 16
        IMAGE_SIZE:
        - 224
        - 224
        - 3
    outs:
    - path: scores.json
      hash: md5
      md5: 83d6ba80bff89f8f17d4182adbe2926e
      size: 73
